
Microsoft Visual Studio Solution File, Format Version 12.00
# Visual Studio Version 17
VisualStudioVersion = 17.5.33516.290
MinimumVisualStudioVersion = 10.0.40219.1
Project("{FAE04EC0-301F-11D3-BF4B-00C04F79EFBC}") = "MazeGenrator", "MazeGenrator.csproj", "{BDC18868-60EC-4846-80D4-69B2C51670ED}"
EndProject
Global
	GlobalSection(SolutionConfigurationPlatforms) = preSolution
		Debug|Any CPU = Debug|Any CPU
		Release|Any CPU = Release|Any CPU
	EndGlobalSection
	GlobalSection(ProjectConfigurationPlatforms) = postSolution
		{BDC18868-60EC-4846-80D4-69B2C51670ED}.Debug|Any CPU.ActiveCfg = Debug|Any CPU
		{BDC18868-60EC-4846-80D4-69B2C51670ED}.Debug|Any CPU.Build.0 = Debug|Any CPU
		{BDC18868-60EC-4846-80D4-69B2C51670ED}.Release|Any CPU.ActiveCfg = Release|Any CPU
		{BDC18868-60EC-4846-80D4-69B2C51670ED}.Release|Any CPU.Build.0 = Release|Any CPU
	EndGlobalSection
	GlobalSection(SolutionProperties) = preSolution
		HideSolutionNode = FALSE
	EndGlobalSection
	GlobalSection(ExtensibilityGlobals) = postSolution
		SolutionGuid = {D3C21979-F8B5-483D-A7E4-4E95B103EBF2}
	EndGlobalSection
EndGlobal
